
Microsoft Visual Studio Solution File, Format Version 12.00
# Visual Studio 2015
Project("{FAE04EC0-301F-11D3-BF4B-00C04F79EFBC}") = "Level0.CSharp", "Level0.CSharp.csproj", "{D3FE49EC-6849-F75D-025B-E1FAD51EEDD0}"
EndProject
Global
	GlobalSection(SolutionConfigurationPlatforms) = preSolution
		Debug|Any CPU = Debug|Any CPU
		Release|Any CPU = Release|Any CPU
	EndGlobalSection
	GlobalSection(ProjectConfigurationPlatforms) = postSolution
		{D3FE49EC-6849-F75D-025B-E1FAD51EEDD0}.Debug|Any CPU.ActiveCfg = Debug|Any CPU
		{D3FE49EC-6849-F75D-025B-E1FAD51EEDD0}.Debug|Any CPU.Build.0 = Debug|Any CPU
		{D3FE49EC-6849-F75D-025B-E1FAD51EEDD0}.Release|Any CPU.ActiveCfg = Release|Any CPU
		{D3FE49EC-6849-F75D-025B-E1FAD51EEDD0}.Release|Any CPU.Build.0 = Release|Any CPU
	EndGlobalSection
	GlobalSection(SolutionProperties) = preSolution
		HideSolutionNode = FALSE
	EndGlobalSection
EndGlobal
